
Microsoft Visual Studio Solution File, Format Version 12.00
# Visual Studio Version 17
VisualStudioVersion = 17.14.36518.9
MinimumVisualStudioVersion = 10.0.40219.1
Project("{8BC9CEB8-8B4A-11D0-8D11-00A0C91BC942}") = "Chess_Game_Project", "Chess_Game_Project.vcxproj", "{3248C003-252C-4BEE-A461-39242E4EE312}"
EndProject
Global
	GlobalSection(SolutionConfigurationPlatforms) = preSolution
		Debug|x64 = Debug|x64
		Debug|x86 = Debug|x86
		Release|x64 = Release|x64
		Release|x86 = Release|x86
	EndGlobalSection
	GlobalSection(ProjectConfigurationPlatforms) = postSolution
		{3248C003-252C-4BEE-A461-39242E4EE312}.Debug|x64.ActiveCfg = Debug|x64
		{3248C003-252C-4BEE-A461-39242E4EE312}.Debug|x64.Build.0 = Debug|x64
		{3248C003-252C-4BEE-A461-39242E4EE312}.Debug|x86.ActiveCfg = Debug|Win32
		{3248C003-252C-4BEE-A461-39242E4EE312}.Debug|x86.Build.0 = Debug|Win32
		{3248C003-252C-4BEE-A461-39242E4EE312}.Release|x64.ActiveCfg = Release|x64
		{3248C003-252C-4BEE-A461-39242E4EE312}.Release|x64.Build.0 = Release|x64
		{3248C003-252C-4BEE-A461-39242E4EE312}.Release|x86.ActiveCfg = Release|Win32
		{3248C003-252C-4BEE-A461-39242E4EE312}.Release|x86.Build.0 = Release|Win32
	EndGlobalSection
	GlobalSection(SolutionProperties) = preSolution
		HideSolutionNode = FALSE
	EndGlobalSection
	GlobalSection(ExtensibilityGlobals) = postSolution
		SolutionGuid = {4A479612-6A7D-4CD3-8609-4BBE41E5FEE1}
	EndGlobalSection
EndGlobal
